
Microsoft Visual Studio Solution File, Format Version 12.00
Project("{F2A71F9B-5D33-465A-A702-920D77279786}") = "vnrplus", "vnrplus\vnrplus.fsproj", "{77893901-260F-47DB-82EA-9AC707FDE075}"
EndProject
Project("{F2A71F9B-5D33-465A-A702-920D77279786}") = "cxpipe", "cxpipe\cxpipe.fsproj", "{8163A1EE-73BE-4B7F-8395-3D97E8406D6A}"
EndProject
Global
	GlobalSection(SolutionConfigurationPlatforms) = preSolution
		Debug|Any CPU = Debug|Any CPU
		Release|Any CPU = Release|Any CPU
	EndGlobalSection
	GlobalSection(ProjectConfigurationPlatforms) = postSolution
		{77893901-260F-47DB-82EA-9AC707FDE075}.Debug|Any CPU.ActiveCfg = Debug|Any CPU
		{77893901-260F-47DB-82EA-9AC707FDE075}.Debug|Any CPU.Build.0 = Debug|Any CPU
		{77893901-260F-47DB-82EA-9AC707FDE075}.Release|Any CPU.ActiveCfg = Release|Any CPU
		{77893901-260F-47DB-82EA-9AC707FDE075}.Release|Any CPU.Build.0 = Release|Any CPU
		{8163A1EE-73BE-4B7F-8395-3D97E8406D6A}.Debug|Any CPU.ActiveCfg = Debug|Any CPU
		{8163A1EE-73BE-4B7F-8395-3D97E8406D6A}.Debug|Any CPU.Build.0 = Debug|Any CPU
		{8163A1EE-73BE-4B7F-8395-3D97E8406D6A}.Release|Any CPU.ActiveCfg = Release|Any CPU
		{8163A1EE-73BE-4B7F-8395-3D97E8406D6A}.Release|Any CPU.Build.0 = Release|Any CPU
	EndGlobalSection
EndGlobal
